# herdr-lazy lock — resolved plugin set at last sync.
# Each `owner/repo@commit` reproduces exactly via `plugin install --ref`.
# Commits come from herdr's own `source.resolved_commit`.

natori-hrj/herdr-lazy@00aefdebadf9c482212e898ea41a0acc97c1ac1e
cloudmanic/herdr-plus@f38df3570bea8f7ca71dc1ba11bce3b123d14402
andrewchng/herdr-sessionizer@9aba5d0e4e14eca1a6d5be0a69e828b8a72c0e5c
devashish2203/herdr-worktrunk@4be9bbbaab1dfbecc81b298d30624052d0c432d1
lmilojevicc/herdr-splits.nvim@94f30cf4e9ac76ddf185a3acd0977be728fa4106
persiyanov/herdr-reviewr@68f2faca2c203c536c25109a0c6e9a8c5d0b21ef
smarzban/herdr-file-viewer@f37be3d2a4bb34b1851d6153cf7d12bc4b31f3eb
jhochenbaum/herdr-hunk-diff@b063856e85436668a165e511ed16a503ea729752
wyattjoh/herdr-plugin-renamer@fadec8f1cadcae8e0b4abdeaf84ceede2990b2e1
hotchpotch/herdr-tiny-fingers@2927dcf2bc95fe53a7143c040bbdcbcf804d65ed
iurysza/termscope@bdb87bc030b257fba12a96ac480f7d33054be822
uwuclxdy/clauth/herdr-plugin@cc25a6341ab33aaee4713e04b699914c34c684d1
